
Microsoft Visual Studio Solution File, Format Version 12.00
# Visual Studio Version 17
VisualStudioVersion = 17.5.002.0
MinimumVisualStudioVersion = 10.0.40219.1
Project("{2150E333-8FDC-42A3-9474-1A3956D46DE8}") = "backend", "backend", "{7FF2F070-804F-4A94-B513-16EC98817A5B}"
EndProject
Project("{9A19103F-16F7-4668-BE54-9A1E7A4F7556}") = "TunisianBootie.Api", "backend\TunisianBootie.Api\TunisianBootie.Api.csproj", "{B93596DA-4701-4D6E-8720-E5944BFD3B02}"
EndProject
Project("{9A19103F-16F7-4668-BE54-9A1E7A4F7556}") = "TunisianBootie.Tests", "backend\TunisianBootie.Tests\TunisianBootie.Tests.csproj", "{D980858F-452A-4A65-85F9-1842D0ECA313}"
EndProject
Global
	GlobalSection(SolutionConfigurationPlatforms) = preSolution
		Debug|Any CPU = Debug|Any CPU
		Release|Any CPU = Release|Any CPU
	EndGlobalSection
	GlobalSection(ProjectConfigurationPlatforms) = postSolution
		{B93596DA-4701-4D6E-8720-E5944BFD3B02}.Debug|Any CPU.ActiveCfg = Debug|Any CPU
		{B93596DA-4701-4D6E-8720-E5944BFD3B02}.Debug|Any CPU.Build.0 = Debug|Any CPU
		{B93596DA-4701-4D6E-8720-E5944BFD3B02}.Release|Any CPU.ActiveCfg = Release|Any CPU
		{B93596DA-4701-4D6E-8720-E5944BFD3B02}.Release|Any CPU.Build.0 = Release|Any CPU
		{D980858F-452A-4A65-85F9-1842D0ECA313}.Debug|Any CPU.ActiveCfg = Debug|Any CPU
		{D980858F-452A-4A65-85F9-1842D0ECA313}.Debug|Any CPU.Build.0 = Debug|Any CPU
		{D980858F-452A-4A65-85F9-1842D0ECA313}.Release|Any CPU.ActiveCfg = Release|Any CPU
		{D980858F-452A-4A65-85F9-1842D0ECA313}.Release|Any CPU.Build.0 = Release|Any CPU
	EndGlobalSection
	GlobalSection(SolutionProperties) = preSolution
		HideSolutionNode = FALSE
	EndGlobalSection
	GlobalSection(NestedProjects) = preSolution
		{B93596DA-4701-4D6E-8720-E5944BFD3B02} = {7FF2F070-804F-4A94-B513-16EC98817A5B}
		{D980858F-452A-4A65-85F9-1842D0ECA313} = {7FF2F070-804F-4A94-B513-16EC98817A5B}
	EndGlobalSection
	GlobalSection(ExtensibilityGlobals) = postSolution
		SolutionGuid = {02E90F54-5353-4306-B86E-27B40AC1D545}
	EndGlobalSection
EndGlobal
